
Microsoft Visual Studio Solution File, Format Version 12.00
# Visual Studio Version 16
VisualStudioVersion = 16.0.31205.134
MinimumVisualStudioVersion = 10.0.40219.1
Project("{8BC9CEB8-8B4A-11D0-8D11-00A0C91BC942}") = "Find Window", "Find Window\Find Window.vcxproj", "{1D84B27E-701A-44A9-B7C6-D44AC664CA3D}"
EndProject
Global
	GlobalSection(SolutionConfigurationPlatforms) = preSolution
		Debug|x64 = Debug|x64
		Debug|x86 = Debug|x86
		Release|x64 = Release|x64
		Release|x86 = Release|x86
	EndGlobalSection
	GlobalSection(ProjectConfigurationPlatforms) = postSolution
		{1D84B27E-701A-44A9-B7C6-D44AC664CA3D}.Debug|x64.ActiveCfg = Debug|x64
		{1D84B27E-701A-44A9-B7C6-D44AC664CA3D}.Debug|x64.Build.0 = Debug|x64
		{1D84B27E-701A-44A9-B7C6-D44AC664CA3D}.Debug|x86.ActiveCfg = Debug|Win32
		{1D84B27E-701A-44A9-B7C6-D44AC664CA3D}.Debug|x86.Build.0 = Debug|Win32
		{1D84B27E-701A-44A9-B7C6-D44AC664CA3D}.Release|x64.ActiveCfg = Release|x64
		{1D84B27E-701A-44A9-B7C6-D44AC664CA3D}.Release|x64.Build.0 = Release|x64
		{1D84B27E-701A-44A9-B7C6-D44AC664CA3D}.Release|x86.ActiveCfg = Release|Win32
		{1D84B27E-701A-44A9-B7C6-D44AC664CA3D}.Release|x86.Build.0 = Release|Win32
	EndGlobalSection
	GlobalSection(SolutionProperties) = preSolution
		HideSolutionNode = FALSE
	EndGlobalSection
	GlobalSection(ExtensibilityGlobals) = postSolution
		SolutionGuid = {593AC4B1-9432-4051-87A5-C57384083AAC}
	EndGlobalSection
EndGlobal
